
Microsoft Visual Studio Solution File, Format Version 12.00
# Visual Studio 2013
VisualStudioVersion = 12.0.30501.0
MinimumVisualStudioVersion = 10.0.40219.1
Project("{FAE04EC0-301F-11D3-BF4B-00C04F79EFBC}") = "GhcMod", "GhcMod\GhcMod.csproj", "{9E562C95-CF10-411F-A581-058F44383D53}"
EndProject
Project("{FAE04EC0-301F-11D3-BF4B-00C04F79EFBC}") = "GhcModTest", "GhcModTest\GhcModTest.csproj", "{2367EF00-7076-43AA-8ECB-F73F18A08C23}"
EndProject
Global
	GlobalSection(SolutionConfigurationPlatforms) = preSolution
		Debug|Any CPU = Debug|Any CPU
		Release|Any CPU = Release|Any CPU
	EndGlobalSection
	GlobalSection(ProjectConfigurationPlatforms) = postSolution
		{9E562C95-CF10-411F-A581-058F44383D53}.Debug|Any CPU.ActiveCfg = Debug|Any CPU
		{9E562C95-CF10-411F-A581-058F44383D53}.Debug|Any CPU.Build.0 = Debug|Any CPU
		{9E562C95-CF10-411F-A581-058F44383D53}.Release|Any CPU.ActiveCfg = Release|Any CPU
		{9E562C95-CF10-411F-A581-058F44383D53}.Release|Any CPU.Build.0 = Release|Any CPU
		{2367EF00-7076-43AA-8ECB-F73F18A08C23}.Debug|Any CPU.ActiveCfg = Debug|Any CPU
		{2367EF00-7076-43AA-8ECB-F73F18A08C23}.Debug|Any CPU.Build.0 = Debug|Any CPU
		{2367EF00-7076-43AA-8ECB-F73F18A08C23}.Release|Any CPU.ActiveCfg = Release|Any CPU
		{2367EF00-7076-43AA-8ECB-F73F18A08C23}.Release|Any CPU.Build.0 = Release|Any CPU
	EndGlobalSection
	GlobalSection(SolutionProperties) = preSolution
		HideSolutionNode = FALSE
	EndGlobalSection
EndGlobal
